// !$*UTF8*$!
{
	archiveVersion = 1;
	classes = {
	};
	objectVersion = 48;
	objects = {

/* Begin PBXBuildFile section */
		FEC0AF252028D93700054A85 /* AppDelegate.swift in Sources */ = {isa = PBXBuildFile; fileRef = FEC0AF242028D93700054A85 /* AppDelegate.swift */; };
		FEC0AF272028D93700054A85 /* ViewController.swift in Sources */ = {isa = PBXBuildFile; fileRef = FEC0AF262028D93700054A85 /* ViewController.swift */; };
		FEC0AF2A2028D93700054A85 /* Main.storyboard in Resources */ = {isa = PBXBuildFile; fileRef = FEC0AF282028D93700054A85 /* Main.storyboard */; };
		FEC0AF2C2028D93700054A85 /* Assets.xcassets in Resources */ = {isa = PBXBuildFile; fileRef = FEC0AF2B2028D93700054A85 /* Assets.xcassets */; };
		FEC0AF2F2028D93700054A85 /* LaunchScreen.storyboard in Resources */ = {isa = PBXBuildFile; fileRef = FEC0AF2D2028D93700054A85 /* LaunchScreen.storyboard */; };
		FEC0AF3C2028D95A00054A85 /* Interface.storyboard in Resources */ = {isa = PBXBuildFile; fileRef = FEC0AF3A2028D95A00054A85 /* Interface.storyboard */; };
		FEC0AF3E2028D95A00054A85 /* Assets.xcassets in Resources */ = {isa = PBXBuildFile; fileRef = FEC0AF3D2028D95A00054A85 /* Assets.xcassets */; };
		FEC0AF452028D95A00054A85 /* AWApp Extension.appex in Embed App Extensions */ = {isa = PBXBuildFile; fileRef = FEC0AF442028D95A00054A85 /* AWApp Extension.appex */; settings = {ATTRIBUTES = (RemoveHeadersOnCopy, ); }; };
		FEC0AF4A2028D95A00054A85 /* InterfaceController.swift in Sources */ = {isa = PBXBuildFile; fileRef = FEC0AF492028D95A00054A85 /* InterfaceController.swift */; };
		FEC0AF4C2028D95A00054A85 /* ExtensionDelegate.swift in Sources */ = {isa = PBXBuildFile; fileRef = FEC0AF4B2028D95A00054A85 /* ExtensionDelegate.swift */; };
		FEC0AF4E2028D95A00054A85 /* NotificationController.swift in Sources */ = {isa = PBXBuildFile; fileRef = FEC0AF4D2028D95A00054A85 /* NotificationController.swift */; };
		FEC0AF502028D95A00054A85 /* Assets.xcassets in Resources */ = {isa = PBXBuildFile; fileRef = FEC0AF4F2028D95A00054A85 /* Assets.xcassets */; };
		FEC0AF552028D95A00054A85 /* AWApp.app in Embed Watch Content */ = {isa = PBXBuildFile; fileRef = FEC0AF382028D95A00054A85 /* AWApp.app */; };
/* End PBXBuildFile section */

/* Begin PBXContainerItemProxy section */
		FEC0AF462028D95A00054A85 /* PBXContainerItemProxy */ = {
			isa = PBXContainerItemProxy;
			containerPortal = FEC0AF192028D93700054A85 /* Project object */;
			proxyType = 1;
			remoteGlobalIDString = FEC0AF432028D95A00054A85;
			remoteInfo = "AWApp Extension";
		};
		FEC0AF532028D95A00054A85 /* PBXContainerItemProxy */ = {
			isa = PBXContainerItemProxy;
			containerPortal = FEC0AF192028D93700054A85 /* Project object */;
			proxyType = 1;
			remoteGlobalIDString = FEC0AF372028D95A00054A85;
			remoteInfo = AWApp;
		};
/* End PBXContainerItemProxy section */

/* Begin PBXCopyFilesBuildPhase section */
		FEC0AF592028D95A00054A85 /* Embed App Extensions */ = {
			isa = PBXCopyFilesBuildPhase;
			buildActionMask = 2147483647;
			dstPath = "";
			dstSubfolderSpec = 13;
			files = (
				FEC0AF452028D95A00054A85 /* AWApp Extension.appex in Embed App Extensions */,
			);
			name = "Embed App Extensions";
			runOnlyForDeploymentPostprocessing = 0;
		};
		FEC0AF5D2028D95A00054A85 /* Embed Watch Content */ = {
			isa = PBXCopyFilesBuildPhase;
			buildActionMask = 2147483647;
			dstPath = "$(CONTENTS_FOLDER_PATH)/Watch";
			dstSubfolderSpec = 16;
			files = (
				FEC0AF552028D95A00054A85 /* AWApp.app in Embed Watch Content */,
			);
			name = "Embed Watch Content";
			runOnlyForDeploymentPostprocessing = 0;
		};
/* End PBXCopyFilesBuildPhase section */

/* Begin PBXFileReference section */
		FEC0AF212028D93700054A85 /* AWTransferUserInfo.app */ = {isa = PBXFileReference; explicitFileType = wrapper.application; includeInIndex = 0; path = AWTransferUserInfo.app; sourceTree = BUILT_PRODUCTS_DIR; };
		FEC0AF242028D93700054A85 /* AppDelegate.swift */ = {isa = PBXFileReference; lastKnownFileType = sourcecode.swift; path = AppDelegate.swift; sourceTree = "<group>"; };
		FEC0AF262028D93700054A85 /* ViewController.swift */ = {isa = PBXFileReference; lastKnownFileType = sourcecode.swift; path = ViewController.swift; sourceTree = "<group>"; };
		FEC0AF292028D93700054A85 /* Base */ = {isa = PBXFileReference; lastKnownFileType = file.storyboard; name = Base; path = Base.lproj/Main.storyboard; sourceTree = "<group>"; };
		FEC0AF2B2028D93700054A85 /* Assets.xcassets */ = {isa = PBXFileReference; lastKnownFileType = folder.assetcatalog; path = Assets.xcassets; sourceTree = "<group>"; };
		FEC0AF2E2028D93700054A85 /* Base */ = {isa = PBXFileReference; lastKnownFileType = file.storyboard; name = Base; path = Base.lproj/LaunchScreen.storyboard; sourceTree = "<group>"; };
		FEC0AF302028D93700054A85 /* Info.plist */ = {isa = PBXFileReference; lastKnownFileType = text.plist.xml; path = Info.plist; sourceTree = "<group>"; };
		FEC0AF382028D95A00054A85 /* AWApp.app */ = {isa = PBXFileReference; explicitFileType = wrapper.application; includeInIndex = 0; path = AWApp.app; sourceTree = BUILT_PRODUCTS_DIR; };
		FEC0AF3B2028D95A00054A85 /* Base */ = {isa = PBXFileReference; lastKnownFileType = file.storyboard; name = Base; path = Base.lproj/Interface.storyboard; sourceTree = "<group>"; };
		FEC0AF3D2028D95A00054A85 /* Assets.xcassets */ = {isa = PBXFileReference; lastKnownFileType = folder.assetcatalog; path = Assets.xcassets; sourceTree = "<group>"; };
		FEC0AF3F2028D95A00054A85 /* Info.plist */ = {isa = PBXFileReference; lastKnownFileType = text.plist.xml; path = Info.plist; sourceTree = "<group>"; };
		FEC0AF442028D95A00054A85 /* AWApp Extension.appex */ = {isa = PBXFileReference; explicitFileType = "wrapper.app-extension"; includeInIndex = 0; path = "AWApp Extension.appex"; sourceTree = BUILT_PRODUCTS_DIR; };
		FEC0AF492028D95A00054A85 /* InterfaceController.swift */ = {isa = PBXFileReference; lastKnownFileType = sourcecode.swift; path = InterfaceController.swift; sourceTree = "<group>"; };
		FEC0AF4B2028D95A00054A85 /* ExtensionDelegate.swift */ = {isa = PBXFileReference; lastKnownFileType = sourcecode.swift; path = ExtensionDelegate.swift; sourceTree = "<group>"; };
		FEC0AF4D2028D95A00054A85 /* NotificationController.swift */ = {isa = PBXFileReference; lastKnownFileType = sourcecode.swift; path = NotificationController.swift; sourceTree = "<group>"; };
		FEC0AF4F2028D95A00054A85 /* Assets.xcassets */ = {isa = PBXFileReference; lastKnownFileType = folder.assetcatalog; path = Assets.xcassets; sourceTree = "<group>"; };
		FEC0AF512028D95A00054A85 /* Info.plist */ = {isa = PBXFileReference; lastKnownFileType = text.plist.xml; path = Info.plist; sourceTree = "<group>"; };
		FEC0AF522028D95A00054A85 /* PushNotificationPayload.apns */ = {isa = PBXFileReference; lastKnownFileType = text; path = PushNotificationPayload.apns; sourceTree = "<group>"; };
/* End PBXFileReference section */

/* Begin PBXFrameworksBuildPhase section */
		FEC0AF1E2028D93700054A85 /* Frameworks */ = {
			isa = PBXFrameworksBuildPhase;
			buildActionMask = 2147483647;
			files = (
			);
			runOnlyForDeploymentPostprocessing = 0;
		};
		FEC0AF412028D95A00054A85 /* Frameworks */ = {
			isa = PBXFrameworksBuildPhase;
			buildActionMask = 2147483647;
			files = (
			);
			runOnlyForDeploymentPostprocessing = 0;
		};
/* End PBXFrameworksBuildPhase section */

/* Begin PBXGroup section */
		FEC0AF182028D93700054A85 = {
			isa = PBXGroup;
			children = (
				FEC0AF232028D93700054A85 /* AWTransferUserInfo */,
				FEC0AF392028D95A00054A85 /* AWApp */,
				FEC0AF482028D95A00054A85 /* AWApp Extension */,
				FEC0AF222028D93700054A85 /* Products */,
			);
			sourceTree = "<group>";
		};
		FEC0AF222028D93700054A85 /* Products */ = {
			isa = PBXGroup;
			children = (
				FEC0AF212028D93700054A85 /* AWTransferUserInfo.app */,
				FEC0AF382028D95A00054A85 /* AWApp.app */,
				FEC0AF442028D95A00054A85 /* AWApp Extension.appex */,
			);
			name = Products;
			sourceTree = "<group>";
		};
		FEC0AF232028D93700054A85 /* AWTransferUserInfo */ = {
			isa = PBXGroup;
			children = (
				FEC0AF242028D93700054A85 /* AppDelegate.swift */,
				FEC0AF262028D93700054A85 /* ViewController.swift */,
				FEC0AF282028D93700054A85 /* Main.storyboard */,
				FEC0AF2B2028D93700054A85 /* Assets.xcassets */,
				FEC0AF2D2028D93700054A85 /* LaunchScreen.storyboard */,
				FEC0AF302028D93700054A85 /* Info.plist */,
			);
			path = AWTransferUserInfo;
			sourceTree = "<group>";
		};
		FEC0AF392028D95A00054A85 /* AWApp */ = {
			isa = PBXGroup;
			children = (
				FEC0AF3A2028D95A00054A85 /* Interface.storyboard */,
				FEC0AF3D2028D95A00054A85 /* Assets.xcassets */,
				FEC0AF3F2028D95A00054A85 /* Info.plist */,
			);
			path = AWApp;
			sourceTree = "<group>";
		};
		FEC0AF482028D95A00054A85 /* AWApp Extension */ = {
			isa = PBXGroup;
			children = (
				FEC0AF492028D95A00054A85 /* InterfaceController.swift */,
				FEC0AF4B2028D95A00054A85 /* ExtensionDelegate.swift */,
				FEC0AF4D2028D95A00054A85 /* NotificationController.swift */,
				FEC0AF4F2028D95A00054A85 /* Assets.xcassets */,
				FEC0AF512028D95A00054A85 /* Info.plist */,
				FEC0AF522028D95A00054A85 /* PushNotificationPayload.apns */,
			);
			path = "AWApp Extension";
			sourceTree = "<group>";
		};
/* End PBXGroup section */

/* Begin PBXNativeTarget section */
		FEC0AF202028D93700054A85 /* AWTransferUserInfo */ = {
			isa = PBXNativeTarget;
			buildConfigurationList = FEC0AF332028D93700054A85 /* Build configuration list for PBXNativeTarget "AWTransferUserInfo" */;
			buildPhases = (
				FEC0AF1D2028D93700054A85 /* Sources */,
				FEC0AF1E2028D93700054A85 /* Frameworks */,
				FEC0AF1F2028D93700054A85 /* Resources */,
				FEC0AF5D2028D95A00054A85 /* Embed Watch Content */,
			);
			buildRules = (
			);
			dependencies = (
				FEC0AF542028D95A00054A85 /* PBXTargetDependency */,
			);
			name = AWTransferUserInfo;
			productName = AWTransferUserInfo;
			productReference = FEC0AF212028D93700054A85 /* AWTransferUserInfo.app */;
			productType = "com.apple.product-type.application";
		};
		FEC0AF372028D95A00054A85 /* AWApp */ = {
			isa = PBXNativeTarget;
			buildConfigurationList = FEC0AF5A2028D95A00054A85 /* Build configuration list for PBXNativeTarget "AWApp" */;
			buildPhases = (
				FEC0AF362028D95A00054A85 /* Resources */,
				FEC0AF592028D95A00054A85 /* Embed App Extensions */,
			);
			buildRules = (
			);
			dependencies = (
				FEC0AF472028D95A00054A85 /* PBXTargetDependency */,
			);
			name = AWApp;
			productName = AWApp;
			productReference = FEC0AF382028D95A00054A85 /* AWApp.app */;
			productType = "com.apple.product-type.application.watchapp2";
		};
		FEC0AF432028D95A00054A85 /* AWApp Extension */ = {
			isa = PBXNativeTarget;
			buildConfigurationList = FEC0AF562028D95A00054A85 /* Build configuration list for PBXNativeTarget "AWApp Extension" */;
			buildPhases = (
				FEC0AF402028D95A00054A85 /* Sources */,
				FEC0AF412028D95A00054A85 /* Frameworks */,
				FEC0AF422028D95A00054A85 /* Resources */,
			);
			buildRules = (
			);
			dependencies = (
			);
			name = "AWApp Extension";
			productName = "AWApp Extension";
			productReference = FEC0AF442028D95A00054A85 /* AWApp Extension.appex */;
			productType = "com.apple.product-type.watchkit2-extension";
		};
/* End PBXNativeTarget section */

/* Begin PBXProject section */
		FEC0AF192028D93700054A85 /* Project object */ = {
			isa = PBXProject;
			attributes = {
				LastSwiftUpdateCheck = 0920;
				LastUpgradeCheck = 0920;
				ORGANIZATIONNAME = "Black Rose Productions";
				TargetAttributes = {
					FEC0AF202028D93700054A85 = {
						CreatedOnToolsVersion = 9.2;
						ProvisioningStyle = Automatic;
					};
					FEC0AF372028D95A00054A85 = {
						CreatedOnToolsVersion = 9.2;
						ProvisioningStyle = Automatic;
					};
					FEC0AF432028D95A00054A85 = {
						CreatedOnToolsVersion = 9.2;
						ProvisioningStyle = Automatic;
					};
				};
			};
			buildConfigurationList = FEC0AF1C2028D93700054A85 /* Build configuration list for PBXProject "AWTransferUserInfo" */;
			compatibilityVersion = "Xcode 8.0";
			developmentRegion = en;
			hasScannedForEncodings = 0;
			knownRegions = (
				en,
				Base,
			);
			mainGroup = FEC0AF182028D93700054A85;
			productRefGroup = FEC0AF222028D93700054A85 /* Products */;
			projectDirPath = "";
			projectRoot = "";
			targets = (
				FEC0AF202028D93700054A85 /* AWTransferUserInfo */,
				FEC0AF372028D95A00054A85 /* AWApp */,
				FEC0AF432028D95A00054A85 /* AWApp Extension */,
			);
		};
/* End PBXProject section */

/* Begin PBXResourcesBuildPhase section */
		FEC0AF1F2028D93700054A85 /* Resources */ = {
			isa = PBXResourcesBuildPhase;
			buildActionMask = 2147483647;
			files = (
				FEC0AF2F2028D93700054A85 /* LaunchScreen.storyboard in Resources */,
				FEC0AF2C2028D93700054A85 /* Assets.xcassets in Resources */,
				FEC0AF2A2028D93700054A85 /* Main.storyboard in Resources */,
			);
			runOnlyForDeploymentPostprocessing = 0;
		};
		FEC0AF362028D95A00054A85 /* Resources */ = {
			isa = PBXResourcesBuildPhase;
			buildActionMask = 2147483647;
			files = (
				FEC0AF3E2028D95A00054A85 /* Assets.xcassets in Resources */,
				FEC0AF3C2028D95A00054A85 /* Interface.storyboard in Resources */,
			);
			runOnlyForDeploymentPostprocessing = 0;
		};
		FEC0AF422028D95A00054A85 /* Resources */ = {
			isa = PBXResourcesBuildPhase;
			buildActionMask = 2147483647;
			files = (
				FEC0AF502028D95A00054A85 /* Assets.xcassets in Resources */,
			);
			runOnlyForDeploymentPostprocessing = 0;
		};
/* End PBXResourcesBuildPhase section */

/* Begin PBXSourcesBuildPhase section */
		FEC0AF1D2028D93700054A85 /* Sources */ = {
			isa = PBXSourcesBuildPhase;
			buildActionMask = 2147483647;
			files = (
				FEC0AF272028D93700054A85 /* ViewController.swift in Sources */,
				FEC0AF252028D93700054A85 /* AppDelegate.swift in Sources */,
			);
			runOnlyForDeploymentPostprocessing = 0;
		};
		FEC0AF402028D95A00054A85 /* Sources */ = {
			isa = PBXSourcesBuildPhase;
			buildActionMask = 2147483647;
			files = (
				FEC0AF4E2028D95A00054A85 /* NotificationController.swift in Sources */,
				FEC0AF4C2028D95A00054A85 /* ExtensionDelegate.swift in Sources */,
				FEC0AF4A2028D95A00054A85 /* InterfaceController.swift in Sources */,
			);
			runOnlyForDeploymentPostprocessing = 0;
		};
/* End PBXSourcesBuildPhase section */

/* Begin PBXTargetDependency section */
		FEC0AF472028D95A00054A85 /* PBXTargetDependency */ = {
			isa = PBXTargetDependency;
			target = FEC0AF432028D95A00054A85 /* AWApp Extension */;
			targetProxy = FEC0AF462028D95A00054A85 /* PBXContainerItemProxy */;
		};
		FEC0AF542028D95A00054A85 /* PBXTargetDependency */ = {
			isa = PBXTargetDependency;
			target = FEC0AF372028D95A00054A85 /* AWApp */;
			targetProxy = FEC0AF532028D95A00054A85 /* PBXContainerItemProxy */;
		};
/* End PBXTargetDependency section */

/* Begin PBXVariantGroup section */
		FEC0AF282028D93700054A85 /* Main.storyboard */ = {
			isa = PBXVariantGroup;
			children = (
				FEC0AF292028D93700054A85 /* Base */,
			);
			name = Main.storyboard;
			sourceTree = "<group>";
		};
		FEC0AF2D2028D93700054A85 /* LaunchScreen.storyboard */ = {
			isa = PBXVariantGroup;
			children = (
				FEC0AF2E2028D93700054A85 /* Base */,
			);
			name = LaunchScreen.storyboard;
			sourceTree = "<group>";
		};
		FEC0AF3A2028D95A00054A85 /* Interface.storyboard */ = {
			isa = PBXVariantGroup;
			children = (
				FEC0AF3B2028D95A00054A85 /* Base */,
			);
			name = Interface.storyboard;
			sourceTree = "<group>";
		};
/* End PBXVariantGroup section */

/* Begin XCBuildConfiguration section */
		FEC0AF312028D93700054A85 /* Debug */ = {
			isa = XCBuildConfiguration;
			buildSettings = {
				ALWAYS_SEARCH_USER_PATHS = NO;
				CLANG_ANALYZER_NONNULL = YES;
				CLANG_ANALYZER_NUMBER_OBJECT_CONVERSION = YES_AGGRESSIVE;
				CLANG_CXX_LANGUAGE_STANDARD = "gnu++14";
				CLANG_CXX_LIBRARY = "libc++";
				CLANG_ENABLE_MODULES = YES;
				CLANG_ENABLE_OBJC_ARC = YES;
				CLANG_WARN_BLOCK_CAPTURE_AUTORELEASING = YES;
				CLANG_WARN_BOOL_CONVERSION = YES;
				CLANG_WARN_COMMA = YES;
				CLANG_WARN_CONSTANT_CONVERSION = YES;
				CLANG_WARN_DIRECT_OBJC_ISA_USAGE = YES_ERROR;
				CLANG_WARN_DOCUMENTATION_COMMENTS = YES;
				CLANG_WARN_EMPTY_BODY = YES;
				CLANG_WARN_ENUM_CONVERSION = YES;
				CLANG_WARN_INFINITE_RECURSION = YES;
				CLANG_WARN_INT_CONVERSION = YES;
				CLANG_WARN_NON_LITERAL_NULL_CONVERSION = YES;
				CLANG_WARN_OBJC_LITERAL_CONVERSION = YES;
				CLANG_WARN_OBJC_ROOT_CLASS = YES_ERROR;
				CLANG_WARN_RANGE_LOOP_ANALYSIS = YES;
				CLANG_WARN_STRICT_PROTOTYPES = YES;
				CLANG_WARN_SUSPICIOUS_MOVE = YES;
				CLANG_WARN_UNGUARDED_AVAILABILITY = YES_AGGRESSIVE;
				CLANG_WARN_UNREACHABLE_CODE = YES;
				CLANG_WARN__DUPLICATE_METHOD_MATCH = YES;
				CODE_SIGN_IDENTITY = "iPhone Developer";
				COPY_PHASE_STRIP = NO;
				DEBUG_INFORMATION_FORMAT = dwarf;
				ENABLE_STRICT_OBJC_MSGSEND = YES;
				ENABLE_TESTABILITY = YES;
				GCC_C_LANGUAGE_STANDARD = gnu11;
				GCC_DYNAMIC_NO_PIC = NO;
				GCC_NO_COMMON_BLOCKS = YES;
				GCC_OPTIMIZATION_LEVEL = 0;
				GCC_PREPROCESSOR_DEFINITIONS = (
					"DEBUG=1",
					"$(inherited)",
				);
				GCC_WARN_64_TO_32_BIT_CONVERSION = YES;
				GCC_WARN_ABOUT_RETURN_TYPE = YES_ERROR;
				GCC_WARN_UNDECLARED_SELECTOR = YES;
				GCC_WARN_UNINITIALIZED_AUTOS = YES_AGGRESSIVE;
				GCC_WARN_UNUSED_FUNCTION = YES;
				GCC_WARN_UNUSED_VARIABLE = YES;
				IPHONEOS_DEPLOYMENT_TARGET = 11.2;
				MTL_ENABLE_DEBUG_INFO = YES;
				ONLY_ACTIVE_ARCH = YES;
				SDKROOT = iphoneos;
				SWIFT_ACTIVE_COMPILATION_CONDITIONS = DEBUG;
				SWIFT_OPTIMIZATION_LEVEL = "-Onone";
			};
			name = Debug;
		};
		FEC0AF322028D93700054A85 /* Release */ = {
			isa = XCBuildConfiguration;
			buildSettings = {
				ALWAYS_SEARCH_USER_PATHS = NO;
				CLANG_ANALYZER_NONNULL = YES;
				CLANG_ANALYZER_NUMBER_OBJECT_CONVERSION = YES_AGGRESSIVE;
				CLANG_CXX_LANGUAGE_STANDARD = "gnu++14";
				CLANG_CXX_LIBRARY = "libc++";
				CLANG_ENABLE_MODULES = YES;
				CLANG_ENABLE_OBJC_ARC = YES;
				CLANG_WARN_BLOCK_CAPTURE_AUTORELEASING = YES;
				CLANG_WARN_BOOL_CONVERSION = YES;
				CLANG_WARN_COMMA = YES;
				CLANG_WARN_CONSTANT_CONVERSION = YES;
				CLANG_WARN_DIRECT_OBJC_ISA_USAGE = YES_ERROR;
				CLANG_WARN_DOCUMENTATION_COMMENTS = YES;
				CLANG_WARN_EMPTY_BODY = YES;
				CLANG_WARN_ENUM_CONVERSION = YES;
				CLANG_WARN_INFINITE_RECURSION = YES;
				CLANG_WARN_INT_CONVERSION = YES;
				CLANG_WARN_NON_LITERAL_NULL_CONVERSION = YES;
				CLANG_WARN_OBJC_LITERAL_CONVERSION = YES;
				CLANG_WARN_OBJC_ROOT_CLASS = YES_ERROR;
				CLANG_WARN_RANGE_LOOP_ANALYSIS = YES;
				CLANG_WARN_STRICT_PROTOTYPES = YES;
				CLANG_WARN_SUSPICIOUS_MOVE = YES;
				CLANG_WARN_UNGUARDED_AVAILABILITY = YES_AGGRESSIVE;
				CLANG_WARN_UNREACHABLE_CODE = YES;
				CLANG_WARN__DUPLICATE_METHOD_MATCH = YES;
				CODE_SIGN_IDENTITY = "iPhone Developer";
				COPY_PHASE_STRIP = NO;
				DEBUG_INFORMATION_FORMAT = "dwarf-with-dsym";
				ENABLE_NS_ASSERTIONS = NO;
				ENABLE_STRICT_OBJC_MSGSEND = YES;
				GCC_C_LANGUAGE_STANDARD = gnu11;
				GCC_NO_COMMON_BLOCKS = YES;
				GCC_WARN_64_TO_32_BIT_CONVERSION = YES;
				GCC_WARN_ABOUT_RETURN_TYPE = YES_ERROR;
				GCC_WARN_UNDECLARED_SELECTOR = YES;
				GCC_WARN_UNINITIALIZED_AUTOS = YES_AGGRESSIVE;
				GCC_WARN_UNUSED_FUNCTION = YES;
				GCC_WARN_UNUSED_VARIABLE = YES;
				IPHONEOS_DEPLOYMENT_TARGET = 11.2;
				MTL_ENABLE_DEBUG_INFO = NO;
				SDKROOT = iphoneos;
				SWIFT_OPTIMIZATION_LEVEL = "-Owholemodule";
				VALIDATE_PRODUCT = YES;
			};
			name = Release;
		};
		FEC0AF342028D93700054A85 /* Debug */ = {
			isa = XCBuildConfiguration;
			buildSettings = {
				ASSETCATALOG_COMPILER_APPICON_NAME = AppIcon;
				CODE_SIGN_STYLE = Automatic;
				DEVELOPMENT_TEAM = MF7UZR73AE;
				INFOPLIST_FILE = AWTransferUserInfo/Info.plist;
				LD_RUNPATH_SEARCH_PATHS = "$(inherited) @executable_path/Frameworks";
				PRODUCT_BUNDLE_IDENTIFIER = com.BRP.AWTransferUserInfo;
				PRODUCT_NAME = "$(TARGET_NAME)";
				SWIFT_VERSION = 4.0;
				TARGETED_DEVICE_FAMILY = "1,2";
			};
			name = Debug;
		};
		FEC0AF352028D93700054A85 /* Release */ = {
			isa = XCBuildConfiguration;
			buildSettings = {
				ASSETCATALOG_COMPILER_APPICON_NAME = AppIcon;
				CODE_SIGN_STYLE = Automatic;
				DEVELOPMENT_TEAM = MF7UZR73AE;
				INFOPLIST_FILE = AWTransferUserInfo/Info.plist;
				LD_RUNPATH_SEARCH_PATHS = "$(inherited) @executable_path/Frameworks";
				PRODUCT_BUNDLE_IDENTIFIER = com.BRP.AWTransferUserInfo;
				PRODUCT_NAME = "$(TARGET_NAME)";
				SWIFT_VERSION = 4.0;
				TARGETED_DEVICE_FAMILY = "1,2";
			};
			name = Release;
		};
		FEC0AF572028D95A00054A85 /* Debug */ = {
			isa = XCBuildConfiguration;
			buildSettings = {
				ASSETCATALOG_COMPILER_COMPLICATION_NAME = Complication;
				CODE_SIGN_STYLE = Automatic;
				DEVELOPMENT_TEAM = MF7UZR73AE;
				INFOPLIST_FILE = "AWApp Extension/Info.plist";
				LD_RUNPATH_SEARCH_PATHS = "$(inherited) @executable_path/Frameworks @executable_path/../../Frameworks";
				PRODUCT_BUNDLE_IDENTIFIER = com.BRP.AWTransferUserInfo.watchkitapp.watchkitextension;
				PRODUCT_NAME = "${TARGET_NAME}";
				SDKROOT = watchos;
				SKIP_INSTALL = YES;
				SWIFT_VERSION = 4.0;
				TARGETED_DEVICE_FAMILY = 4;
				WATCHOS_DEPLOYMENT_TARGET = 4.2;
			};
			name = Debug;
		};
		FEC0AF582028D95A00054A85 /* Release */ = {
			isa = XCBuildConfiguration;
			buildSettings = {
				ASSETCATALOG_COMPILER_COMPLICATION_NAME = Complication;
				CODE_SIGN_STYLE = Automatic;
				DEVELOPMENT_TEAM = MF7UZR73AE;
				INFOPLIST_FILE = "AWApp Extension/Info.plist";
				LD_RUNPATH_SEARCH_PATHS = "$(inherited) @executable_path/Frameworks @executable_path/../../Frameworks";
				PRODUCT_BUNDLE_IDENTIFIER = com.BRP.AWTransferUserInfo.watchkitapp.watchkitextension;
				PRODUCT_NAME = "${TARGET_NAME}";
				SDKROOT = watchos;
				SKIP_INSTALL = YES;
				SWIFT_VERSION = 4.0;
				TARGETED_DEVICE_FAMILY = 4;
				WATCHOS_DEPLOYMENT_TARGET = 4.2;
			};
			name = Release;
		};
		FEC0AF5B2028D95A00054A85 /* Debug */ = {
			isa = XCBuildConfiguration;
			buildSettings = {
				ALWAYS_EMBED_SWIFT_STANDARD_LIBRARIES = YES;
				ASSETCATALOG_COMPILER_APPICON_NAME = AppIcon;
				CODE_SIGN_STYLE = Automatic;
				DEVELOPMENT_TEAM = MF7UZR73AE;
				IBSC_MODULE = AWApp_Extension;
				INFOPLIST_FILE = AWApp/Info.plist;
				PRODUCT_BUNDLE_IDENTIFIER = com.BRP.AWTransferUserInfo.watchkitapp;
				PRODUCT_NAME = "$(TARGET_NAME)";
				SDKROOT = watchos;
				SKIP_INSTALL = YES;
				SWIFT_VERSION = 4.0;
				TARGETED_DEVICE_FAMILY = 4;
				WATCHOS_DEPLOYMENT_TARGET = 4.2;
			};
			name = Debug;
		};
		FEC0AF5C2028D95A00054A85 /* Release */ = {
			isa = XCBuildConfiguration;
			buildSettings = {
				ALWAYS_EMBED_SWIFT_STANDARD_LIBRARIES = YES;
				ASSETCATALOG_COMPILER_APPICON_NAME = AppIcon;
				CODE_SIGN_STYLE = Automatic;
				DEVELOPMENT_TEAM = MF7UZR73AE;
				IBSC_MODULE = AWApp_Extension;
				INFOPLIST_FILE = AWApp/Info.plist;
				PRODUCT_BUNDLE_IDENTIFIER = com.BRP.AWTransferUserInfo.watchkitapp;
				PRODUCT_NAME = "$(TARGET_NAME)";
				SDKROOT = watchos;
				SKIP_INSTALL = YES;
				SWIFT_VERSION = 4.0;
				TARGETED_DEVICE_FAMILY = 4;
				WATCHOS_DEPLOYMENT_TARGET = 4.2;
			};
			name = Release;
		};
/* End XCBuildConfiguration section */

/* Begin XCConfigurationList section */
		FEC0AF1C2028D93700054A85 /* Build configuration list for PBXProject "AWTransferUserInfo" */ = {
			isa = XCConfigurationList;
			buildConfigurations = (
				FEC0AF312028D93700054A85 /* Debug */,
				FEC0AF322028D93700054A85 /* Release */,
			);
			defaultConfigurationIsVisible = 0;
			defaultConfigurationName = Release;
		};
		FEC0AF332028D93700054A85 /* Build configuration list for PBXNativeTarget "AWTransferUserInfo" */ = {
			isa = XCConfigurationList;
			buildConfigurations = (
				FEC0AF342028D93700054A85 /* Debug */,
				FEC0AF352028D93700054A85 /* Release */,
			);
			defaultConfigurationIsVisible = 0;
			defaultConfigurationName = Release;
		};
		FEC0AF562028D95A00054A85 /* Build configuration list for PBXNativeTarget "AWApp Extension" */ = {
			isa = XCConfigurationList;
			buildConfigurations = (
				FEC0AF572028D95A00054A85 /* Debug */,
				FEC0AF582028D95A00054A85 /* Release */,
			);
			defaultConfigurationIsVisible = 0;
			defaultConfigurationName = Release;
		};
		FEC0AF5A2028D95A00054A85 /* Build configuration list for PBXNativeTarget "AWApp" */ = {
			isa = XCConfigurationList;
			buildConfigurations = (
				FEC0AF5B2028D95A00054A85 /* Debug */,
				FEC0AF5C2028D95A00054A85 /* Release */,
			);
			defaultConfigurationIsVisible = 0;
			defaultConfigurationName = Release;
		};
/* End XCConfigurationList section */
	};
	rootObject = FEC0AF192028D93700054A85 /* Project object */;
}
